
Microsoft Visual Studio Solution File, Format Version 12.00
# Visual Studio Version 17
VisualStudioVersion = 17.9.34607.119
MinimumVisualStudioVersion = 10.0.40219.1
Project("{FAE04EC0-301F-11D3-BF4B-00C04F79EFBC}") = "CSV-Writer", "CSV-Writer\CSV-Writer.csproj", "{26258AF4-44CF-413C-AA51-18BE5FF9E1FE}"
EndProject
Global
	GlobalSection(SolutionConfigurationPlatforms) = preSolution
		Debug|Any CPU = Debug|Any CPU
		Release|Any CPU = Release|Any CPU
	EndGlobalSection
	GlobalSection(ProjectConfigurationPlatforms) = postSolution
		{26258AF4-44CF-413C-AA51-18BE5FF9E1FE}.Debug|Any CPU.ActiveCfg = Debug|Any CPU
		{26258AF4-44CF-413C-AA51-18BE5FF9E1FE}.Debug|Any CPU.Build.0 = Debug|Any CPU
		{26258AF4-44CF-413C-AA51-18BE5FF9E1FE}.Release|Any CPU.ActiveCfg = Release|Any CPU
		{26258AF4-44CF-413C-AA51-18BE5FF9E1FE}.Release|Any CPU.Build.0 = Release|Any CPU
	EndGlobalSection
	GlobalSection(SolutionProperties) = preSolution
		HideSolutionNode = FALSE
	EndGlobalSection
	GlobalSection(ExtensibilityGlobals) = postSolution
		SolutionGuid = {AD63BE79-5E0F-4D71-A51C-249557B38F9F}
	EndGlobalSection
EndGlobal
